
Microsoft Visual Studio Solution File, Format Version 12.00
# Visual Studio Version 17
VisualStudioVersion = 17.11.35312.102
MinimumVisualStudioVersion = 10.0.40219.1
Project("{FAE04EC0-301F-11D3-BF4B-00C04F79EFBC}") = "QuanlykhachSan", "QuanlykhachSan\QuanlykhachSan.csproj", "{409801A2-D937-4834-AF7F-347F0F1067D6}"
EndProject
Global
	GlobalSection(SolutionConfigurationPlatforms) = preSolution
		Debug|Any CPU = Debug|Any CPU
		Release|Any CPU = Release|Any CPU
	EndGlobalSection
	GlobalSection(ProjectConfigurationPlatforms) = postSolution
		{409801A2-D937-4834-AF7F-347F0F1067D6}.Debug|Any CPU.ActiveCfg = Debug|Any CPU
		{409801A2-D937-4834-AF7F-347F0F1067D6}.Debug|Any CPU.Build.0 = Debug|Any CPU
		{409801A2-D937-4834-AF7F-347F0F1067D6}.Release|Any CPU.ActiveCfg = Release|Any CPU
		{409801A2-D937-4834-AF7F-347F0F1067D6}.Release|Any CPU.Build.0 = Release|Any CPU
	EndGlobalSection
	GlobalSection(SolutionProperties) = preSolution
		HideSolutionNode = FALSE
	EndGlobalSection
	GlobalSection(ExtensibilityGlobals) = postSolution
		SolutionGuid = {EBBEEC7C-D382-4450-BE37-33572F09F10D}
	EndGlobalSection
EndGlobal
